// !$*UTF8*$!
{
	archiveVersion = 1;
	classes = {
	};
	objectVersion = 50;
	objects = {

/* Begin PBXBuildFile section */
		453746DF22AAFBE7005804D8 /* getLocations.json in Resources */ = {isa = PBXBuildFile; fileRef = 453746D922AAFBE6005804D8 /* getLocations.json */; };
		453746E022AAFBE7005804D8 /* putLocation.json in Resources */ = {isa = PBXBuildFile; fileRef = 453746DA22AAFBE6005804D8 /* putLocation.json */; };
		453746E122AAFBE7005804D8 /* loginResponse.json in Resources */ = {isa = PBXBuildFile; fileRef = 453746DB22AAFBE6005804D8 /* loginResponse.json */; };
		453746E222AAFBE7005804D8 /* postLocation.json in Resources */ = {isa = PBXBuildFile; fileRef = 453746DC22AAFBE6005804D8 /* postLocation.json */; };
		453746E322AAFBE7005804D8 /* logoutResponse.json in Resources */ = {isa = PBXBuildFile; fileRef = 453746DD22AAFBE7005804D8 /* logoutResponse.json */; };
		453746E422AAFBE7005804D8 /* getPublicData.json in Resources */ = {isa = PBXBuildFile; fileRef = 453746DE22AAFBE7005804D8 /* getPublicData.json */; };
		453746E722AAFF9C005804D8 /* PostLocationRequest.swift in Sources */ = {isa = PBXBuildFile; fileRef = 453746E622AAFF9C005804D8 /* PostLocationRequest.swift */; };
		454819C422A9AFC10040F5C3 /* LocationViewController.swift in Sources */ = {isa = PBXBuildFile; fileRef = 454819C322A9AFC10040F5C3 /* LocationViewController.swift */; };
		4558F60D229EE989009250FE /* Student.swift in Sources */ = {isa = PBXBuildFile; fileRef = 4558F60C229EE989009250FE /* Student.swift */; };
		456660A922A2EA210051D01B /* LoginViewController.swift in Sources */ = {isa = PBXBuildFile; fileRef = 456660A822A2EA210051D01B /* LoginViewController.swift */; };
		456660AB22A2ECE50051D01B /* MemberModel.swift in Sources */ = {isa = PBXBuildFile; fileRef = 456660AA22A2ECE50051D01B /* MemberModel.swift */; };
		45C6D0F122A1D1E800708138 /* MapViewController.swift in Sources */ = {isa = PBXBuildFile; fileRef = 45C6D0F022A1D1E800708138 /* MapViewController.swift */; };
		45D269CA22A1BF35003A328C /* ParseAPI.swift in Sources */ = {isa = PBXBuildFile; fileRef = 45D269C922A1BF35003A328C /* ParseAPI.swift */; };
		5B51AB0622A61E3200053C9C /* LoginRequest.swift in Sources */ = {isa = PBXBuildFile; fileRef = 5B51AB0522A61E3200053C9C /* LoginRequest.swift */; };
		5B51AB0822A6233D00053C9C /* UdacityAPI.swift in Sources */ = {isa = PBXBuildFile; fileRef = 5B51AB0722A6233D00053C9C /* UdacityAPI.swift */; };
		5B51AB0A22A62E2C00053C9C /* LoginResponse.swift in Sources */ = {isa = PBXBuildFile; fileRef = 5B51AB0922A62E2C00053C9C /* LoginResponse.swift */; };
		5B51AB0C22A8B53000053C9C /* UIViewController+NavBar.swift in Sources */ = {isa = PBXBuildFile; fileRef = 5B51AB0B22A8B53000053C9C /* UIViewController+NavBar.swift */; };
		5B51AB0E22A8C26400053C9C /* ProfileViewController.swift in Sources */ = {isa = PBXBuildFile; fileRef = 5B51AB0D22A8C26400053C9C /* ProfileViewController.swift */; };
		5B908FCC229E238500F843DA /* AppDelegate.swift in Sources */ = {isa = PBXBuildFile; fileRef = 5B908FCB229E238500F843DA /* AppDelegate.swift */; };
		5B908FCE229E238500F843DA /* UserViewController.swift in Sources */ = {isa = PBXBuildFile; fileRef = 5B908FCD229E238500F843DA /* UserViewController.swift */; };
		5B908FD1229E238500F843DA /* Main.storyboard in Resources */ = {isa = PBXBuildFile; fileRef = 5B908FCF229E238500F843DA /* Main.storyboard */; };
		5B908FD3229E238700F843DA /* Assets.xcassets in Resources */ = {isa = PBXBuildFile; fileRef = 5B908FD2229E238700F843DA /* Assets.xcassets */; };
		5B908FD6229E238700F843DA /* LaunchScreen.storyboard in Resources */ = {isa = PBXBuildFile; fileRef = 5B908FD4229E238700F843DA /* LaunchScreen.storyboard */; };
		5B9543AC22AB4D2100AC40E3 /* PostLocationResponse.swift in Sources */ = {isa = PBXBuildFile; fileRef = 5B9543AB22AB4D2100AC40E3 /* PostLocationResponse.swift */; };
		5BC8EADE22ADAA4500FAF10C /* UpdateLocationResponse.swift in Sources */ = {isa = PBXBuildFile; fileRef = 5BC8EADD22ADAA4500FAF10C /* UpdateLocationResponse.swift */; };
/* End PBXBuildFile section */

/* Begin PBXFileReference section */
		453746D922AAFBE6005804D8 /* getLocations.json */ = {isa = PBXFileReference; fileEncoding = 4; lastKnownFileType = text.json; path = getLocations.json; sourceTree = "<group>"; };
		453746DA22AAFBE6005804D8 /* putLocation.json */ = {isa = PBXFileReference; fileEncoding = 4; lastKnownFileType = text.json; path = putLocation.json; sourceTree = "<group>"; };
		453746DB22AAFBE6005804D8 /* loginResponse.json */ = {isa = PBXFileReference; fileEncoding = 4; lastKnownFileType = text.json; path = loginResponse.json; sourceTree = "<group>"; };
		453746DC22AAFBE6005804D8 /* postLocation.json */ = {isa = PBXFileReference; fileEncoding = 4; lastKnownFileType = text.json; path = postLocation.json; sourceTree = "<group>"; };
		453746DD22AAFBE7005804D8 /* logoutResponse.json */ = {isa = PBXFileReference; fileEncoding = 4; lastKnownFileType = text.json; path = logoutResponse.json; sourceTree = "<group>"; };
		453746DE22AAFBE7005804D8 /* getPublicData.json */ = {isa = PBXFileReference; fileEncoding = 4; lastKnownFileType = text.json; path = getPublicData.json; sourceTree = "<group>"; };
		453746E622AAFF9C005804D8 /* PostLocationRequest.swift */ = {isa = PBXFileReference; lastKnownFileType = sourcecode.swift; path = PostLocationRequest.swift; sourceTree = "<group>"; };
		454819C322A9AFC10040F5C3 /* LocationViewController.swift */ = {isa = PBXFileReference; lastKnownFileType = sourcecode.swift; path = LocationViewController.swift; sourceTree = "<group>"; };
		4558F60C229EE989009250FE /* Student.swift */ = {isa = PBXFileReference; lastKnownFileType = sourcecode.swift; path = Student.swift; sourceTree = "<group>"; };
		456660A822A2EA210051D01B /* LoginViewController.swift */ = {isa = PBXFileReference; lastKnownFileType = sourcecode.swift; path = LoginViewController.swift; sourceTree = "<group>"; };
		456660AA22A2ECE50051D01B /* MemberModel.swift */ = {isa = PBXFileReference; lastKnownFileType = sourcecode.swift; path = MemberModel.swift; sourceTree = "<group>"; };
		45C6D0F022A1D1E800708138 /* MapViewController.swift */ = {isa = PBXFileReference; lastKnownFileType = sourcecode.swift; path = MapViewController.swift; sourceTree = "<group>"; };
		45D269C922A1BF35003A328C /* ParseAPI.swift */ = {isa = PBXFileReference; lastKnownFileType = sourcecode.swift; path = ParseAPI.swift; sourceTree = "<group>"; };
		5B51AB0522A61E3200053C9C /* LoginRequest.swift */ = {isa = PBXFileReference; lastKnownFileType = sourcecode.swift; path = LoginRequest.swift; sourceTree = "<group>"; };
		5B51AB0722A6233D00053C9C /* UdacityAPI.swift */ = {isa = PBXFileReference; lastKnownFileType = sourcecode.swift; path = UdacityAPI.swift; sourceTree = "<group>"; };
		5B51AB0922A62E2C00053C9C /* LoginResponse.swift */ = {isa = PBXFileReference; lastKnownFileType = sourcecode.swift; path = LoginResponse.swift; sourceTree = "<group>"; };
		5B51AB0B22A8B53000053C9C /* UIViewController+NavBar.swift */ = {isa = PBXFileReference; lastKnownFileType = sourcecode.swift; path = "UIViewController+NavBar.swift"; sourceTree = "<group>"; };
		5B51AB0D22A8C26400053C9C /* ProfileViewController.swift */ = {isa = PBXFileReference; lastKnownFileType = sourcecode.swift; path = ProfileViewController.swift; sourceTree = "<group>"; };
		5B908FC8229E238500F843DA /* OnTheMap.app */ = {isa = PBXFileReference; explicitFileType = wrapper.application; includeInIndex = 0; path = OnTheMap.app; sourceTree = BUILT_PRODUCTS_DIR; };
		5B908FCB229E238500F843DA /* AppDelegate.swift */ = {isa = PBXFileReference; lastKnownFileType = sourcecode.swift; path = AppDelegate.swift; sourceTree = "<group>"; };
		5B908FCD229E238500F843DA /* UserViewController.swift */ = {isa = PBXFileReference; lastKnownFileType = sourcecode.swift; path = UserViewController.swift; sourceTree = "<group>"; };
		5B908FD0229E238500F843DA /* Base */ = {isa = PBXFileReference; lastKnownFileType = file.storyboard; name = Base; path = Base.lproj/Main.storyboard; sourceTree = "<group>"; };
		5B908FD2229E238700F843DA /* Assets.xcassets */ = {isa = PBXFileReference; lastKnownFileType = folder.assetcatalog; path = Assets.xcassets; sourceTree = "<group>"; };
		5B908FD5229E238700F843DA /* Base */ = {isa = PBXFileReference; lastKnownFileType = file.storyboard; name = Base; path = Base.lproj/LaunchScreen.storyboard; sourceTree = "<group>"; };
		5B908FD7229E238700F843DA /* Info.plist */ = {isa = PBXFileReference; lastKnownFileType = text.plist.xml; path = Info.plist; sourceTree = "<group>"; };
		5B9543AB22AB4D2100AC40E3 /* PostLocationResponse.swift */ = {isa = PBXFileReference; lastKnownFileType = sourcecode.swift; path = PostLocationResponse.swift; sourceTree = "<group>"; };
		5BC8EADD22ADAA4500FAF10C /* UpdateLocationResponse.swift */ = {isa = PBXFileReference; lastKnownFileType = sourcecode.swift; path = UpdateLocationResponse.swift; sourceTree = "<group>"; };
/* End PBXFileReference section */

/* Begin PBXFrameworksBuildPhase section */
		5B908FC5229E238500F843DA /* Frameworks */ = {
			isa = PBXFrameworksBuildPhase;
			buildActionMask = 2147483647;
			files = (
			);
			runOnlyForDeploymentPostprocessing = 0;
		};
/* End PBXFrameworksBuildPhase section */

/* Begin PBXGroup section */
		453746E522AAFBEE005804D8 /* JSON */ = {
			isa = PBXGroup;
			children = (
				453746D922AAFBE6005804D8 /* getLocations.json */,
				453746DE22AAFBE7005804D8 /* getPublicData.json */,
				453746DB22AAFBE6005804D8 /* loginResponse.json */,
				453746DD22AAFBE7005804D8 /* logoutResponse.json */,
				453746DC22AAFBE6005804D8 /* postLocation.json */,
				453746DA22AAFBE6005804D8 /* putLocation.json */,
			);
			path = JSON;
			sourceTree = "<group>";
		};
		5B51AAFF229F73D400053C9C /* Model */ = {
			isa = PBXGroup;
			children = (
				456660AA22A2ECE50051D01B /* MemberModel.swift */,
				4558F60C229EE989009250FE /* Student.swift */,
				45D269C922A1BF35003A328C /* ParseAPI.swift */,
				5B51AB0722A6233D00053C9C /* UdacityAPI.swift */,
				5B51AB0522A61E3200053C9C /* LoginRequest.swift */,
				5B51AB0922A62E2C00053C9C /* LoginResponse.swift */,
				453746E622AAFF9C005804D8 /* PostLocationRequest.swift */,
				5B9543AB22AB4D2100AC40E3 /* PostLocationResponse.swift */,
				5BC8EADD22ADAA4500FAF10C /* UpdateLocationResponse.swift */,
			);
			path = Model;
			sourceTree = "<group>";
		};
		5B51AB00229F73E900053C9C /* Controller */ = {
			isa = PBXGroup;
			children = (
				5B908FCD229E238500F843DA /* UserViewController.swift */,
				45C6D0F022A1D1E800708138 /* MapViewController.swift */,
				456660A822A2EA210051D01B /* LoginViewController.swift */,
				5B51AB0D22A8C26400053C9C /* ProfileViewController.swift */,
				454819C322A9AFC10040F5C3 /* LocationViewController.swift */,
			);
			path = Controller;
			sourceTree = "<group>";
		};
		5B51AB01229F740900053C9C /* View */ = {
			isa = PBXGroup;
			children = (
			);
			path = View;
			sourceTree = "<group>";
		};
		5B51AB02229F741200053C9C /* Supporting Files */ = {
			isa = PBXGroup;
			children = (
				453746E522AAFBEE005804D8 /* JSON */,
				5B908FD7229E238700F843DA /* Info.plist */,
				5B908FD2229E238700F843DA /* Assets.xcassets */,
				5B908FD4229E238700F843DA /* LaunchScreen.storyboard */,
				5B908FCF229E238500F843DA /* Main.storyboard */,
			);
			path = "Supporting Files";
			sourceTree = "<group>";
		};
		5B908FBF229E238500F843DA = {
			isa = PBXGroup;
			children = (
				5B908FCA229E238500F843DA /* OnTheMap */,
				5B908FC9229E238500F843DA /* Products */,
			);
			sourceTree = "<group>";
		};
		5B908FC9229E238500F843DA /* Products */ = {
			isa = PBXGroup;
			children = (
				5B908FC8229E238500F843DA /* OnTheMap.app */,
			);
			name = Products;
			sourceTree = "<group>";
		};
		5B908FCA229E238500F843DA /* OnTheMap */ = {
			isa = PBXGroup;
			children = (
				5B908FCB229E238500F843DA /* AppDelegate.swift */,
				5B51AB0B22A8B53000053C9C /* UIViewController+NavBar.swift */,
				5B51AAFF229F73D400053C9C /* Model */,
				5B51AB01229F740900053C9C /* View */,
				5B51AB00229F73E900053C9C /* Controller */,
				5B51AB02229F741200053C9C /* Supporting Files */,
			);
			path = OnTheMap;
			sourceTree = "<group>";
		};
/* End PBXGroup section */

/* Begin PBXNativeTarget section */
		5B908FC7229E238500F843DA /* OnTheMap */ = {
			isa = PBXNativeTarget;
			buildConfigurationList = 5B908FDA229E238700F843DA /* Build configuration list for PBXNativeTarget "OnTheMap" */;
			buildPhases = (
				5B908FC4229E238500F843DA /* Sources */,
				5B908FC5229E238500F843DA /* Frameworks */,
				5B908FC6229E238500F843DA /* Resources */,
			);
			buildRules = (
			);
			dependencies = (
			);
			name = OnTheMap;
			productName = OnTheMap;
			productReference = 5B908FC8229E238500F843DA /* OnTheMap.app */;
			productType = "com.apple.product-type.application";
		};
/* End PBXNativeTarget section */

/* Begin PBXProject section */
		5B908FC0229E238500F843DA /* Project object */ = {
			isa = PBXProject;
			attributes = {
				LastSwiftUpdateCheck = 1020;
				LastUpgradeCheck = 1020;
				ORGANIZATIONNAME = "Aleksey Kabishau";
				TargetAttributes = {
					5B908FC7229E238500F843DA = {
						CreatedOnToolsVersion = 10.2.1;
					};
				};
			};
			buildConfigurationList = 5B908FC3229E238500F843DA /* Build configuration list for PBXProject "OnTheMap" */;
			compatibilityVersion = "Xcode 9.3";
			developmentRegion = en;
			hasScannedForEncodings = 0;
			knownRegions = (
				en,
				Base,
			);
			mainGroup = 5B908FBF229E238500F843DA;
			productRefGroup = 5B908FC9229E238500F843DA /* Products */;
			projectDirPath = "";
			projectRoot = "";
			targets = (
				5B908FC7229E238500F843DA /* OnTheMap */,
			);
		};
/* End PBXProject section */

/* Begin PBXResourcesBuildPhase section */
		5B908FC6229E238500F843DA /* Resources */ = {
			isa = PBXResourcesBuildPhase;
			buildActionMask = 2147483647;
			files = (
				453746E222AAFBE7005804D8 /* postLocation.json in Resources */,
				453746E122AAFBE7005804D8 /* loginResponse.json in Resources */,
				5B908FD6229E238700F843DA /* LaunchScreen.storyboard in Resources */,
				453746DF22AAFBE7005804D8 /* getLocations.json in Resources */,
				453746E322AAFBE7005804D8 /* logoutResponse.json in Resources */,
				453746E422AAFBE7005804D8 /* getPublicData.json in Resources */,
				5B908FD3229E238700F843DA /* Assets.xcassets in Resources */,
				453746E022AAFBE7005804D8 /* putLocation.json in Resources */,
				5B908FD1229E238500F843DA /* Main.storyboard in Resources */,
			);
			runOnlyForDeploymentPostprocessing = 0;
		};
/* End PBXResourcesBuildPhase section */

/* Begin PBXSourcesBuildPhase section */
		5B908FC4229E238500F843DA /* Sources */ = {
			isa = PBXSourcesBuildPhase;
			buildActionMask = 2147483647;
			files = (
				453746E722AAFF9C005804D8 /* PostLocationRequest.swift in Sources */,
				5B51AB0C22A8B53000053C9C /* UIViewController+NavBar.swift in Sources */,
				5BC8EADE22ADAA4500FAF10C /* UpdateLocationResponse.swift in Sources */,
				456660A922A2EA210051D01B /* LoginViewController.swift in Sources */,
				5B51AB0A22A62E2C00053C9C /* LoginResponse.swift in Sources */,
				5B908FCE229E238500F843DA /* UserViewController.swift in Sources */,
				4558F60D229EE989009250FE /* Student.swift in Sources */,
				45D269CA22A1BF35003A328C /* ParseAPI.swift in Sources */,
				5B51AB0E22A8C26400053C9C /* ProfileViewController.swift in Sources */,
				454819C422A9AFC10040F5C3 /* LocationViewController.swift in Sources */,
				45C6D0F122A1D1E800708138 /* MapViewController.swift in Sources */,
				5B908FCC229E238500F843DA /* AppDelegate.swift in Sources */,
				456660AB22A2ECE50051D01B /* MemberModel.swift in Sources */,
				5B51AB0622A61E3200053C9C /* LoginRequest.swift in Sources */,
				5B51AB0822A6233D00053C9C /* UdacityAPI.swift in Sources */,
				5B9543AC22AB4D2100AC40E3 /* PostLocationResponse.swift in Sources */,
			);
			runOnlyForDeploymentPostprocessing = 0;
		};
/* End PBXSourcesBuildPhase section */

/* Begin PBXVariantGroup section */
		5B908FCF229E238500F843DA /* Main.storyboard */ = {
			isa = PBXVariantGroup;
			children = (
				5B908FD0229E238500F843DA /* Base */,
			);
			name = Main.storyboard;
			sourceTree = "<group>";
		};
		5B908FD4229E238700F843DA /* LaunchScreen.storyboard */ = {
			isa = PBXVariantGroup;
			children = (
				5B908FD5229E238700F843DA /* Base */,
			);
			name = LaunchScreen.storyboard;
			sourceTree = "<group>";
		};
/* End PBXVariantGroup section */

/* Begin XCBuildConfiguration section */
		5B908FD8229E238700F843DA /* Debug */ = {
			isa = XCBuildConfiguration;
			buildSettings = {
				ALWAYS_SEARCH_USER_PATHS = NO;
				CLANG_ANALYZER_NONNULL = YES;
				CLANG_ANALYZER_NUMBER_OBJECT_CONVERSION = YES_AGGRESSIVE;
				CLANG_CXX_LANGUAGE_STANDARD = "gnu++14";
				CLANG_CXX_LIBRARY = "libc++";
				CLANG_ENABLE_MODULES = YES;
				CLANG_ENABLE_OBJC_ARC = YES;
				CLANG_ENABLE_OBJC_WEAK = YES;
				CLANG_WARN_BLOCK_CAPTURE_AUTORELEASING = YES;
				CLANG_WARN_BOOL_CONVERSION = YES;
				CLANG_WARN_COMMA = YES;
				CLANG_WARN_CONSTANT_CONVERSION = YES;
				CLANG_WARN_DEPRECATED_OBJC_IMPLEMENTATIONS = YES;
				CLANG_WARN_DIRECT_OBJC_ISA_USAGE = YES_ERROR;
				CLANG_WARN_DOCUMENTATION_COMMENTS = YES;
				CLANG_WARN_EMPTY_BODY = YES;
				CLANG_WARN_ENUM_CONVERSION = YES;
				CLANG_WARN_INFINITE_RECURSION = YES;
				CLANG_WARN_INT_CONVERSION = YES;
				CLANG_WARN_NON_LITERAL_NULL_CONVERSION = YES;
				CLANG_WARN_OBJC_IMPLICIT_RETAIN_SELF = YES;
				CLANG_WARN_OBJC_LITERAL_CONVERSION = YES;
				CLANG_WARN_OBJC_ROOT_CLASS = YES_ERROR;
				CLANG_WARN_RANGE_LOOP_ANALYSIS = YES;
				CLANG_WARN_STRICT_PROTOTYPES = YES;
				CLANG_WARN_SUSPICIOUS_MOVE = YES;
				CLANG_WARN_UNGUARDED_AVAILABILITY = YES_AGGRESSIVE;
				CLANG_WARN_UNREACHABLE_CODE = YES;
				CLANG_WARN__DUPLICATE_METHOD_MATCH = YES;
				CODE_SIGN_IDENTITY = "iPhone Developer";
				COPY_PHASE_STRIP = NO;
				DEBUG_INFORMATION_FORMAT = dwarf;
				ENABLE_STRICT_OBJC_MSGSEND = YES;
				ENABLE_TESTABILITY = YES;
				GCC_C_LANGUAGE_STANDARD = gnu11;
				GCC_DYNAMIC_NO_PIC = NO;
				GCC_NO_COMMON_BLOCKS = YES;
				GCC_OPTIMIZATION_LEVEL = 0;
				GCC_PREPROCESSOR_DEFINITIONS = (
					"DEBUG=1",
					"$(inherited)",
				);
				GCC_WARN_64_TO_32_BIT_CONVERSION = YES;
				GCC_WARN_ABOUT_RETURN_TYPE = YES_ERROR;
				GCC_WARN_UNDECLARED_SELECTOR = YES;
				GCC_WARN_UNINITIALIZED_AUTOS = YES_AGGRESSIVE;
				GCC_WARN_UNUSED_FUNCTION = YES;
				GCC_WARN_UNUSED_VARIABLE = YES;
				IPHONEOS_DEPLOYMENT_TARGET = 12.2;
				MTL_ENABLE_DEBUG_INFO = INCLUDE_SOURCE;
				MTL_FAST_MATH = YES;
				ONLY_ACTIVE_ARCH = YES;
				SDKROOT = iphoneos;
				SWIFT_ACTIVE_COMPILATION_CONDITIONS = DEBUG;
				SWIFT_OPTIMIZATION_LEVEL = "-Onone";
			};
			name = Debug;
		};
		5B908FD9229E238700F843DA /* Release */ = {
			isa = XCBuildConfiguration;
			buildSettings = {
				ALWAYS_SEARCH_USER_PATHS = NO;
				CLANG_ANALYZER_NONNULL = YES;
				CLANG_ANALYZER_NUMBER_OBJECT_CONVERSION = YES_AGGRESSIVE;
				CLANG_CXX_LANGUAGE_STANDARD = "gnu++14";
				CLANG_CXX_LIBRARY = "libc++";
				CLANG_ENABLE_MODULES = YES;
				CLANG_ENABLE_OBJC_ARC = YES;
				CLANG_ENABLE_OBJC_WEAK = YES;
				CLANG_WARN_BLOCK_CAPTURE_AUTORELEASING = YES;
				CLANG_WARN_BOOL_CONVERSION = YES;
				CLANG_WARN_COMMA = YES;
				CLANG_WARN_CONSTANT_CONVERSION = YES;
				CLANG_WARN_DEPRECATED_OBJC_IMPLEMENTATIONS = YES;
				CLANG_WARN_DIRECT_OBJC_ISA_USAGE = YES_ERROR;
				CLANG_WARN_DOCUMENTATION_COMMENTS = YES;
				CLANG_WARN_EMPTY_BODY = YES;
				CLANG_WARN_ENUM_CONVERSION = YES;
				CLANG_WARN_INFINITE_RECURSION = YES;
				CLANG_WARN_INT_CONVERSION = YES;
				CLANG_WARN_NON_LITERAL_NULL_CONVERSION = YES;
				CLANG_WARN_OBJC_IMPLICIT_RETAIN_SELF = YES;
				CLANG_WARN_OBJC_LITERAL_CONVERSION = YES;
				CLANG_WARN_OBJC_ROOT_CLASS = YES_ERROR;
				CLANG_WARN_RANGE_LOOP_ANALYSIS = YES;
				CLANG_WARN_STRICT_PROTOTYPES = YES;
				CLANG_WARN_SUSPICIOUS_MOVE = YES;
				CLANG_WARN_UNGUARDED_AVAILABILITY = YES_AGGRESSIVE;
				CLANG_WARN_UNREACHABLE_CODE = YES;
				CLANG_WARN__DUPLICATE_METHOD_MATCH = YES;
				CODE_SIGN_IDENTITY = "iPhone Developer";
				COPY_PHASE_STRIP = NO;
				DEBUG_INFORMATION_FORMAT = "dwarf-with-dsym";
				ENABLE_NS_ASSERTIONS = NO;
				ENABLE_STRICT_OBJC_MSGSEND = YES;
				GCC_C_LANGUAGE_STANDARD = gnu11;
				GCC_NO_COMMON_BLOCKS = YES;
				GCC_WARN_64_TO_32_BIT_CONVERSION = YES;
				GCC_WARN_ABOUT_RETURN_TYPE = YES_ERROR;
				GCC_WARN_UNDECLARED_SELECTOR = YES;
				GCC_WARN_UNINITIALIZED_AUTOS = YES_AGGRESSIVE;
				GCC_WARN_UNUSED_FUNCTION = YES;
				GCC_WARN_UNUSED_VARIABLE = YES;
				IPHONEOS_DEPLOYMENT_TARGET = 12.2;
				MTL_ENABLE_DEBUG_INFO = NO;
				MTL_FAST_MATH = YES;
				SDKROOT = iphoneos;
				SWIFT_COMPILATION_MODE = wholemodule;
				SWIFT_OPTIMIZATION_LEVEL = "-O";
				VALIDATE_PRODUCT = YES;
			};
			name = Release;
		};
		5B908FDB229E238700F843DA /* Debug */ = {
			isa = XCBuildConfiguration;
			buildSettings = {
				ASSETCATALOG_COMPILER_APPICON_NAME = AppIcon;
				CODE_SIGN_STYLE = Automatic;
				DEVELOPMENT_TEAM = VGW2M4R8BY;
				INFOPLIST_FILE = "$(SRCROOT)/OnTheMap/Supporting Files/Info.plist";
				LD_RUNPATH_SEARCH_PATHS = (
					"$(inherited)",
					"@executable_path/Frameworks",
				);
				PRODUCT_BUNDLE_IDENTIFIER = com.kabishau.OnTheMap;
				PRODUCT_NAME = "$(TARGET_NAME)";
				SWIFT_VERSION = 5.0;
				TARGETED_DEVICE_FAMILY = "1,2";
			};
			name = Debug;
		};
		5B908FDC229E238700F843DA /* Release */ = {
			isa = XCBuildConfiguration;
			buildSettings = {
				ASSETCATALOG_COMPILER_APPICON_NAME = AppIcon;
				CODE_SIGN_STYLE = Automatic;
				DEVELOPMENT_TEAM = VGW2M4R8BY;
				INFOPLIST_FILE = "$(SRCROOT)/OnTheMap/Supporting Files/Info.plist";
				LD_RUNPATH_SEARCH_PATHS = (
					"$(inherited)",
					"@executable_path/Frameworks",
				);
				PRODUCT_BUNDLE_IDENTIFIER = com.kabishau.OnTheMap;
				PRODUCT_NAME = "$(TARGET_NAME)";
				SWIFT_VERSION = 5.0;
				TARGETED_DEVICE_FAMILY = "1,2";
			};
			name = Release;
		};
/* End XCBuildConfiguration section */

/* Begin XCConfigurationList section */
		5B908FC3229E238500F843DA /* Build configuration list for PBXProject "OnTheMap" */ = {
			isa = XCConfigurationList;
			buildConfigurations = (
				5B908FD8229E238700F843DA /* Debug */,
				5B908FD9229E238700F843DA /* Release */,
			);
			defaultConfigurationIsVisible = 0;
			defaultConfigurationName = Release;
		};
		5B908FDA229E238700F843DA /* Build configuration list for PBXNativeTarget "OnTheMap" */ = {
			isa = XCConfigurationList;
			buildConfigurations = (
				5B908FDB229E238700F843DA /* Debug */,
				5B908FDC229E238700F843DA /* Release */,
			);
			defaultConfigurationIsVisible = 0;
			defaultConfigurationName = Release;
		};
/* End XCConfigurationList section */
	};
	rootObject = 5B908FC0229E238500F843DA /* Project object */;
}
